{
  "name": "Transcendence",
  "lockfileVersion": 3,
  "requires": true,
  "packages": {
    "": {
      "dependencies": {
        "postgresql-client": "^2.13.0"
      }
    },
    "node_modules/doublylinked": {
      "version": "2.5.4",
      "resolved": "https://registry.npmjs.org/doublylinked/-/doublylinked-2.5.4.tgz",
      "integrity": "sha512-jBCKDnFkEHJRjQvYEl5N9VngRV8ypHgw6a52OK4VN57eV2r2rYvgOx9uABdY78INNoW7S6auULp+KBVm/jfYqw==",
      "engines": {
        "node": ">= 10.0"
      }
    },
    "node_modules/lightning-pool": {
      "version": "4.8.0",
      "resolved": "https://registry.npmjs.org/lightning-pool/-/lightning-pool-4.8.0.tgz",
      "integrity": "sha512-6fcixntuPfkuS189S8oENDbcABs4SpzFhHTGlir2bxtYSKYwwWXphqfqjLquCHGqvMf28Bs2uIuSWxjU0XHTyg==",
      "dependencies": {
        "doublylinked": "^2.5.4",
        "putil-promisify": "^1.10.1",
        "tslib": "^2.6.3"
      }
    },
    "node_modules/obuf": {
      "version": "1.1.2",
      "resolved": "https://registry.npmjs.org/obuf/-/obuf-1.1.2.tgz",
      "integrity": "sha512-PX1wu0AmAdPqOL1mWhqmlOd8kOIZQwGZw6rh7uby9fTc5lhaOWFLX3I6R1hrF9k3zUY40e6igsLGkDXK92LJNg=="
    },
    "node_modules/postgrejs": {
      "version": "2.19.0",
      "resolved": "https://registry.npmjs.org/postgrejs/-/postgrejs-2.19.0.tgz",
      "integrity": "sha512-bdAWbjHa6eBAdVMG+XQOqisUiARk8cRJHwXtmYi7DQQBtqYFr0Mr6i/G41ltvPdL3YIHVQUATCyInfoUliFrbw==",
      "dependencies": {
        "doublylinked": "^2.5.4",
        "lightning-pool": "^4.8.0",
        "postgres-bytea": "^3.0.0",
        "power-tasks": "^1.11.0",
        "putil-merge": "^3.13.0",
        "putil-promisify": "^1.10.1",
        "putil-varhelpers": "^1.6.5",
        "tslib": "^2.6.3"
      },
      "engines": {
        "node": ">=16.0"
      }
    },
    "node_modules/postgres-bytea": {
      "version": "3.0.0",
      "resolved": "https://registry.npmjs.org/postgres-bytea/-/postgres-bytea-3.0.0.tgz",
      "integrity": "sha512-CNd4jim9RFPkObHSjVHlVrxoVQXz7quwNFpz7RY1okNNme49+sVyiTvTRobiLV548Hx/hb1BG+iE7h9493WzFw==",
      "dependencies": {
        "obuf": "~1.1.2"
      },
      "engines": {
        "node": ">= 6"
      }
    },
    "node_modules/postgresql-client": {
      "version": "2.13.0",
      "resolved": "https://registry.npmjs.org/postgresql-client/-/postgresql-client-2.13.0.tgz",
      "integrity": "sha512-GOSQstAJiHeIwXrvARCp0y7PMwfzf+Egg0KOn1MiggykvQFr4OO8FyT0x7Yc3hcPL4iLk47z9KeAbbdVCqTP0g==",
      "deprecated": "Package name 'postgresql-client' has been changed to 'postgrejs'. Please consider to update dependencies in your package.json",
      "dependencies": {
        "postgrejs": "^2.15.1"
      },
      "engines": {
        "node": ">=16.0"
      }
    },
    "node_modules/power-tasks": {
      "version": "1.11.0",
      "resolved": "https://registry.npmjs.org/power-tasks/-/power-tasks-1.11.0.tgz",
      "integrity": "sha512-UAVmqOw4miD+BW4gBrL1KJb24akTUfy1XglIFB7domD7Wyj0eQAyK9F9PnYYiw1pVLoyy3L+HfCYWwN2sMwCzg==",
      "dependencies": {
        "doublylinked": "^2.5.4",
        "strict-typed-events": "^2.8.0",
        "tslib": "^2.6.3"
      },
      "engines": {
        "node": ">=16.0"
      }
    },
    "node_modules/putil-merge": {
      "version": "3.13.0",
      "resolved": "https://registry.npmjs.org/putil-merge/-/putil-merge-3.13.0.tgz",
      "integrity": "sha512-NP5hjzOr+ihZn/yegmrf3x1Une+eCBPHRHaqO6o8PDhIolTvFEZwzhf/NOF8hSHHrHqMWP8jTOPp/sN8yMCWpQ==",
      "engines": {
        "node": ">= 10.0"
      }
    },
    "node_modules/putil-promisify": {
      "version": "1.10.1",
      "resolved": "https://registry.npmjs.org/putil-promisify/-/putil-promisify-1.10.1.tgz",
      "integrity": "sha512-1jm0egJNrj5eBDRj15Cg08RNHDV91OVEHeeYjAFRcs663PXxFokndxcJAGbaO6CSErCTp8eTgC8vuOF+fvXIAA==",
      "engines": {
        "node": ">= 14.0"
      }
    },
    "node_modules/putil-varhelpers": {
      "version": "1.6.5",
      "resolved": "https://registry.npmjs.org/putil-varhelpers/-/putil-varhelpers-1.6.5.tgz",
      "integrity": "sha512-kyu+lE5xkc65ScgaIi6rNONLXeS7jGBxl1I0rzHVsFGAAQ45D/VkuEev+t09PFB943F+CqdWFLczH6ePk5TPAA==",
      "engines": {
        "node": ">= 6.0"
      }
    },
    "node_modules/strict-typed-events": {
      "version": "2.8.0",
      "resolved": "https://registry.npmjs.org/strict-typed-events/-/strict-typed-events-2.8.0.tgz",
      "integrity": "sha512-mDCPe06HIzzDliG09N9ypPvx2nDgAFl3IDJe8NNCoViDWYh0E98+02WJdZnUSFWiUphaRbUDbDksg/SgiaEBDA==",
      "dependencies": {
        "putil-promisify": "^1.10.1",
        "ts-gems": "^3.5.0",
        "tslib": "^2.6.3"
      },
      "engines": {
        "node": ">=16.0"
      }
    },
    "node_modules/ts-gems": {
      "version": "3.5.0",
      "resolved": "https://registry.npmjs.org/ts-gems/-/ts-gems-3.5.0.tgz",
      "integrity": "sha512-XnuKffm+cvTG/mMwMgN+vougiEmdDlENuNifYfw2cI7KWWQBZf8JaDRyLb1YkAZ1+4UyvdMCJlIfXH7EXORQ5Q=="
    },
    "node_modules/tslib": {
      "version": "2.6.3",
      "resolved": "https://registry.npmjs.org/tslib/-/tslib-2.6.3.tgz",
      "integrity": "sha512-xNvxJEOUiWPGhUuUdQgAJPKOOJfGnIyKySOc09XkKsgdUV/3E2zvwZYdejjmRgPCgcym1juLH3226yA7sEFJKQ=="
    }
  }
}
