{
  "name": "Transcendence",
  "lockfileVersion": 3,
  "requires": true,
  "packages": {
    "": {
      "dependencies": {
        "@prisma/client": "^6.1.0"
      }
    },
    "node_modules/@prisma/client": {
      "version": "6.1.0",
      "resolved": "https://registry.npmjs.org/@prisma/client/-/client-6.1.0.tgz",
      "integrity": "sha512-AbQYc5+EJKm1Ydfq3KxwcGiy7wIbm4/QbjCKWWoNROtvy7d6a3gmAGkKjK0iUCzh+rHV8xDhD5Cge8ke/kiy5Q==",
      "hasInstallScript": true,
      "license": "Apache-2.0",
      "engines": {
        "node": ">=18.18"
      },
      "peerDependencies": {
        "prisma": "*"
      },
      "peerDependenciesMeta": {
        "prisma": {
          "optional": true
        }
      }
    }
  }
}
