{
  "name": "Transcendence",
  "lockfileVersion": 3,
  "requires": true,
  "packages": {
    "": {
      "dependencies": {
        "@prisma/client": "^6.0.1"
      }
    },
    "node_modules/@prisma/client": {
      "version": "6.0.1",
      "resolved": "https://registry.npmjs.org/@prisma/client/-/client-6.0.1.tgz",
      "integrity": "sha512-60w7kL6bUxz7M6Gs/V+OWMhwy94FshpngVmOY05TmGD0Lhk+Ac0ZgtjlL6Wll9TD4G03t4Sq1wZekNVy+Xdlbg==",
      "hasInstallScript": true,
      "license": "Apache-2.0",
      "engines": {
        "node": ">=18.18"
      },
      "peerDependencies": {
        "prisma": "*"
      },
      "peerDependenciesMeta": {
        "prisma": {
          "optional": true
        }
      }
    }
  }
}
